
Microsoft Visual Studio Solution File, Format Version 12.00
# Visual Studio Version 16
VisualStudioVersion = 16.0.31702.278
MinimumVisualStudioVersion = 10.0.40219.1
Project("{FAE04EC0-301F-11D3-BF4B-00C04F79EFBC}") = "Calculator", "Calculator\Calculator.csproj", "{9C859AD6-D06F-4D55-9BC7-6661F181CDC7}"
EndProject
Project("{FAE04EC0-301F-11D3-BF4B-00C04F79EFBC}") = "Calculator.Tests", "Calculator.Tests\Calculator.Tests.csproj", "{636F64A7-BE51-45B4-8FA6-0A3B32412800}"
EndProject
Global
	GlobalSection(SolutionConfigurationPlatforms) = preSolution
		Debug|Any CPU = Debug|Any CPU
		Release|Any CPU = Release|Any CPU
	EndGlobalSection
	GlobalSection(ProjectConfigurationPlatforms) = postSolution
		{9C859AD6-D06F-4D55-9BC7-6661F181CDC7}.Debug|Any CPU.ActiveCfg = Debug|Any CPU
		{9C859AD6-D06F-4D55-9BC7-6661F181CDC7}.Debug|Any CPU.Build.0 = Debug|Any CPU
		{9C859AD6-D06F-4D55-9BC7-6661F181CDC7}.Release|Any CPU.ActiveCfg = Release|Any CPU
		{9C859AD6-D06F-4D55-9BC7-6661F181CDC7}.Release|Any CPU.Build.0 = Release|Any CPU
		{636F64A7-BE51-45B4-8FA6-0A3B32412800}.Debug|Any CPU.ActiveCfg = Debug|Any CPU
		{636F64A7-BE51-45B4-8FA6-0A3B32412800}.Debug|Any CPU.Build.0 = Debug|Any CPU
		{636F64A7-BE51-45B4-8FA6-0A3B32412800}.Release|Any CPU.ActiveCfg = Release|Any CPU
		{636F64A7-BE51-45B4-8FA6-0A3B32412800}.Release|Any CPU.Build.0 = Release|Any CPU
	EndGlobalSection
	GlobalSection(SolutionProperties) = preSolution
		HideSolutionNode = FALSE
	EndGlobalSection
	GlobalSection(ExtensibilityGlobals) = postSolution
		SolutionGuid = {08F40760-EB3B-43D4-8A13-C8EC3A36120C}
	EndGlobalSection
EndGlobal
